{
    "name": "sap-hdb-promisfied",
    "version": "2.202208.1",
    "lockfileVersion": 2,
    "requires": true,
    "packages": {
        "": {
            "name": "sap-hdb-promisfied",
            "version": "2.202208.1",
            "license": "Apache-2.0",
            "dependencies": {
                "@sap/xsenv": "^3.3.2",
                "debug": "4.3.4",
                "dotenv": "^16.0.1",
                "hdb": "0.19.4"
            },
            "devDependencies": {
                "@types/debug": "^4.1.7",
                "@types/node": "^18.6.2",
                "@types/sap__xsenv": "^2.0.3"
            },
            "engines": {
                "node": ">= 0.12"
            }
        },
        "node_modules/@sap/xsenv": {
            "version": "3.3.2",
            "resolved": "https://registry.npmjs.org/@sap/xsenv/-/xsenv-3.3.2.tgz",
            "integrity": "sha512-PRxzoNEB0wMCuQOOC7q7QIkCYyLgxgHY1vIHFcPorajLLskqhqJNPfycWAfhUgDn6WryGluUVxnQVeTQncY6dg==",
            "hasShrinkwrap": true,
            "dependencies": {
                "debug": "4.3.3",
                "node-cache": "^5.1.0",
                "verror": "1.10.0"
            },
            "engines": {
                "node": "^10.0.0 || ^12.0.0 || ^14.0.0 || ^16.0.0"
            }
        },
        "node_modules/@sap/xsenv/node_modules/assert-plus": {
            "version": "1.0.0"
        },
        "node_modules/@sap/xsenv/node_modules/clone": {
            "version": "2.1.2"
        },
        "node_modules/@sap/xsenv/node_modules/core-util-is": {
            "version": "1.0.2"
        },
        "node_modules/@sap/xsenv/node_modules/debug": {
            "version": "4.3.3",
            "dependencies": {
                "ms": "2.1.2"
            }
        },
        "node_modules/@sap/xsenv/node_modules/extsprintf": {
            "version": "1.4.1"
        },
        "node_modules/@sap/xsenv/node_modules/ms": {
            "version": "2.1.2"
        },
        "node_modules/@sap/xsenv/node_modules/node-cache": {
            "version": "5.1.2",
            "dependencies": {
                "clone": "2.x"
            }
        },
        "node_modules/@sap/xsenv/node_modules/verror": {
            "version": "1.10.0",
            "dependencies": {
                "assert-plus": "^1.0.0",
                "core-util-is": "1.0.2",
                "extsprintf": "^1.2.0"
            }
        },
        "node_modules/@types/debug": {
            "version": "4.1.7",
            "resolved": "https://registry.npmjs.org/@types/debug/-/debug-4.1.7.tgz",
            "integrity": "sha512-9AonUzyTjXXhEOa0DnqpzZi6VHlqKMswga9EXjpXnnqxwLtdvPPtlO8evrI5D9S6asFRCQ6v+wpiUKbw+vKqyg==",
            "dev": true,
            "dependencies": {
                "@types/ms": "*"
            }
        },
        "node_modules/@types/ms": {
            "version": "0.7.31",
            "resolved": "https://registry.npmjs.org/@types/ms/-/ms-0.7.31.tgz",
            "integrity": "sha512-iiUgKzV9AuaEkZqkOLDIvlQiL6ltuZd9tGcW3gwpnX8JbuiuhFlEGmmFXEXkN50Cvq7Os88IY2v0dkDqXYWVgA==",
            "dev": true
        },
        "node_modules/@types/node": {
            "version": "18.6.3",
            "resolved": "https://registry.npmjs.org/@types/node/-/node-18.6.3.tgz",
            "integrity": "sha512-6qKpDtoaYLM+5+AFChLhHermMQxc3TOEFIDzrZLPRGHPrLEwqFkkT5Kx3ju05g6X7uDPazz3jHbKPX0KzCjntg==",
            "dev": true
        },
        "node_modules/@types/sap__xsenv": {
            "version": "2.0.3",
            "resolved": "https://registry.npmjs.org/@types/sap__xsenv/-/sap__xsenv-2.0.3.tgz",
            "integrity": "sha512-w7J014voM+DPpz1JttkNj2zyfZiYZ0OORoH5KOHO3oOYD9IEwPCZqugqJPwyw6byvkOWSAujh3wVke0mEVu6kA==",
            "dev": true
        },
        "node_modules/debug": {
            "version": "4.3.4",
            "resolved": "https://registry.npmjs.org/debug/-/debug-4.3.4.tgz",
            "integrity": "sha512-PRWFHuSU3eDtQJPvnNY7Jcket1j0t5OuOsFzPPzsekD52Zl8qUfFIPEiswXqIvHWGVHOgX+7G/vCNNhehwxfkQ==",
            "dependencies": {
                "ms": "2.1.2"
            },
            "engines": {
                "node": ">=6.0"
            },
            "peerDependenciesMeta": {
                "supports-color": {
                    "optional": true
                }
            }
        },
        "node_modules/dotenv": {
            "version": "16.0.1",
            "resolved": "https://registry.npmjs.org/dotenv/-/dotenv-16.0.1.tgz",
            "integrity": "sha512-1K6hR6wtk2FviQ4kEiSjFiH5rpzEVi8WW0x96aztHVMhEspNpc4DVOUTEHtEva5VThQ8IaBX1Pe4gSzpVVUsKQ==",
            "engines": {
                "node": ">=12"
            }
        },
        "node_modules/hdb": {
            "version": "0.19.4",
            "resolved": "https://registry.npmjs.org/hdb/-/hdb-0.19.4.tgz",
            "integrity": "sha512-QykOuRcXo3+aqmXnpu3omClzBys9v9KdyqdMZx4wpfwj3qSNgrPPaJQB8AGs14ZL6WHQylCDwW2To6+mvsFiiw==",
            "dependencies": {
                "iconv-lite": "^0.4.18"
            },
            "engines": {
                "node": ">= 0.12"
            }
        },
        "node_modules/iconv-lite": {
            "version": "0.4.24",
            "resolved": "https://registry.npmjs.org/iconv-lite/-/iconv-lite-0.4.24.tgz",
            "integrity": "sha512-v3MXnZAcvnywkTUEZomIActle7RXXeedOR31wwl7VlyoXO4Qi9arvSenNQWne1TcRwhCL1HwLI21bEqdpj8/rA==",
            "dependencies": {
                "safer-buffer": ">= 2.1.2 < 3"
            },
            "engines": {
                "node": ">=0.10.0"
            }
        },
        "node_modules/ms": {
            "version": "2.1.2",
            "resolved": "https://registry.npmjs.org/ms/-/ms-2.1.2.tgz",
            "integrity": "sha512-sGkPx+VjMtmA6MX27oA4FBFELFCZZ4S4XqeGOXCv68tT+jb3vk/RyaKWP0PTKyWtmLSM0b+adUTEvbs1PEaH2w=="
        },
        "node_modules/safer-buffer": {
            "version": "2.1.2",
            "resolved": "https://registry.npmjs.org/safer-buffer/-/safer-buffer-2.1.2.tgz",
            "integrity": "sha512-YZo3K82SD7Riyi0E1EQPojLz7kpepnSQI9IyPbHHg1XXXevb5dJI7tpyN2ADxGcQbHG7vcyRHk0cbwqcQriUtg=="
        }
    },
    "dependencies": {
        "@sap/xsenv": {
            "version": "3.3.2",
            "resolved": "https://registry.npmjs.org/@sap/xsenv/-/xsenv-3.3.2.tgz",
            "integrity": "sha512-PRxzoNEB0wMCuQOOC7q7QIkCYyLgxgHY1vIHFcPorajLLskqhqJNPfycWAfhUgDn6WryGluUVxnQVeTQncY6dg==",
            "requires": {
                "debug": "4.3.3",
                "node-cache": "^5.1.0",
                "verror": "1.10.0"
            },
            "dependencies": {
                "assert-plus": {
                    "version": "1.0.0"
                },
                "clone": {
                    "version": "2.1.2"
                },
                "core-util-is": {
                    "version": "1.0.2"
                },
                "debug": {
                    "version": "4.3.3",
                    "requires": {
                        "ms": "2.1.2"
                    }
                },
                "extsprintf": {
                    "version": "1.4.1"
                },
                "ms": {
                    "version": "2.1.2"
                },
                "node-cache": {
                    "version": "5.1.2",
                    "requires": {
                        "clone": "2.x"
                    }
                },
                "verror": {
                    "version": "1.10.0",
                    "requires": {
                        "assert-plus": "^1.0.0",
                        "core-util-is": "1.0.2",
                        "extsprintf": "^1.2.0"
                    }
                }
            }
        },
        "@types/debug": {
            "version": "4.1.7",
            "resolved": "https://registry.npmjs.org/@types/debug/-/debug-4.1.7.tgz",
            "integrity": "sha512-9AonUzyTjXXhEOa0DnqpzZi6VHlqKMswga9EXjpXnnqxwLtdvPPtlO8evrI5D9S6asFRCQ6v+wpiUKbw+vKqyg==",
            "dev": true,
            "requires": {
                "@types/ms": "*"
            }
        },
        "@types/ms": {
            "version": "0.7.31",
            "resolved": "https://registry.npmjs.org/@types/ms/-/ms-0.7.31.tgz",
            "integrity": "sha512-iiUgKzV9AuaEkZqkOLDIvlQiL6ltuZd9tGcW3gwpnX8JbuiuhFlEGmmFXEXkN50Cvq7Os88IY2v0dkDqXYWVgA==",
            "dev": true
        },
        "@types/node": {
            "version": "18.6.3",
            "resolved": "https://registry.npmjs.org/@types/node/-/node-18.6.3.tgz",
            "integrity": "sha512-6qKpDtoaYLM+5+AFChLhHermMQxc3TOEFIDzrZLPRGHPrLEwqFkkT5Kx3ju05g6X7uDPazz3jHbKPX0KzCjntg==",
            "dev": true
        },
        "@types/sap__xsenv": {
            "version": "2.0.3",
            "resolved": "https://registry.npmjs.org/@types/sap__xsenv/-/sap__xsenv-2.0.3.tgz",
            "integrity": "sha512-w7J014voM+DPpz1JttkNj2zyfZiYZ0OORoH5KOHO3oOYD9IEwPCZqugqJPwyw6byvkOWSAujh3wVke0mEVu6kA==",
            "dev": true
        },
        "debug": {
            "version": "4.3.4",
            "resolved": "https://registry.npmjs.org/debug/-/debug-4.3.4.tgz",
            "integrity": "sha512-PRWFHuSU3eDtQJPvnNY7Jcket1j0t5OuOsFzPPzsekD52Zl8qUfFIPEiswXqIvHWGVHOgX+7G/vCNNhehwxfkQ==",
            "requires": {
                "ms": "2.1.2"
            }
        },
        "dotenv": {
            "version": "16.0.1",
            "resolved": "https://registry.npmjs.org/dotenv/-/dotenv-16.0.1.tgz",
            "integrity": "sha512-1K6hR6wtk2FviQ4kEiSjFiH5rpzEVi8WW0x96aztHVMhEspNpc4DVOUTEHtEva5VThQ8IaBX1Pe4gSzpVVUsKQ=="
        },
        "hdb": {
            "version": "0.19.4",
            "resolved": "https://registry.npmjs.org/hdb/-/hdb-0.19.4.tgz",
            "integrity": "sha512-QykOuRcXo3+aqmXnpu3omClzBys9v9KdyqdMZx4wpfwj3qSNgrPPaJQB8AGs14ZL6WHQylCDwW2To6+mvsFiiw==",
            "requires": {
                "iconv-lite": "^0.4.18"
            }
        },
        "iconv-lite": {
            "version": "0.4.24",
            "resolved": "https://registry.npmjs.org/iconv-lite/-/iconv-lite-0.4.24.tgz",
            "integrity": "sha512-v3MXnZAcvnywkTUEZomIActle7RXXeedOR31wwl7VlyoXO4Qi9arvSenNQWne1TcRwhCL1HwLI21bEqdpj8/rA==",
            "requires": {
                "safer-buffer": ">= 2.1.2 < 3"
            }
        },
        "ms": {
            "version": "2.1.2",
            "resolved": "https://registry.npmjs.org/ms/-/ms-2.1.2.tgz",
            "integrity": "sha512-sGkPx+VjMtmA6MX27oA4FBFELFCZZ4S4XqeGOXCv68tT+jb3vk/RyaKWP0PTKyWtmLSM0b+adUTEvbs1PEaH2w=="
        },
        "safer-buffer": {
            "version": "2.1.2",
            "resolved": "https://registry.npmjs.org/safer-buffer/-/safer-buffer-2.1.2.tgz",
            "integrity": "sha512-YZo3K82SD7Riyi0E1EQPojLz7kpepnSQI9IyPbHHg1XXXevb5dJI7tpyN2ADxGcQbHG7vcyRHk0cbwqcQriUtg=="
        }
    }
}
