{
    "name": "sap-hdb-promisfied",
    "version": "2.202601.0",
    "lockfileVersion": 3,
    "requires": true,
    "packages": {
        "": {
            "name": "sap-hdb-promisfied",
            "version": "2.202601.0",
            "license": "Apache-2.0",
            "dependencies": {
                "@sap/xsenv": "^6.1.0",
                "debug": "4.4.3",
                "dotenv": "^17.2.3",
                "hdb": "2.26.4"
            },
            "devDependencies": {
                "@types/debug": "^4.1.12",
                "@types/node": "^25.1.0",
                "@types/sap__xsenv": "^3.3.2"
            },
            "engines": {
                "node": "^20.0.0  || ^22.0.0 || ^24.0.0"
            }
        },
        "node_modules/@sap/xsenv": {
            "version": "6.1.0",
            "resolved": "https://registry.npmjs.org/@sap/xsenv/-/xsenv-6.1.0.tgz",
            "integrity": "sha512-vlW4Zad3uiDqHtnYdQ0TsEIH8VIO4HmPGDowfBL5dIcHPmeKDISEQ9ibeHL5FkceqvYcXJEQAVZ5/hsHDqlXZg==",
            "license": "SEE LICENSE IN LICENSE file",
            "dependencies": {
                "debug": "4.4.3",
                "node-cache": "^5.1.2",
                "verror": "1.10.1"
            },
            "engines": {
                "node": "^20.0.0  || ^22.0.0 || ^24.0.0"
            }
        },
        "node_modules/@types/debug": {
            "version": "4.1.12",
            "resolved": "https://registry.npmjs.org/@types/debug/-/debug-4.1.12.tgz",
            "integrity": "sha512-vIChWdVG3LG1SMxEvI/AK+FWJthlrqlTu7fbrlywTkkaONwk/UAGaULXRlf8vkzFBLVm0zkMdCquhL5aOjhXPQ==",
            "dev": true,
            "license": "MIT",
            "dependencies": {
                "@types/ms": "*"
            }
        },
        "node_modules/@types/ms": {
            "version": "2.1.0",
            "resolved": "https://registry.npmjs.org/@types/ms/-/ms-2.1.0.tgz",
            "integrity": "sha512-GsCCIZDE/p3i96vtEqx+7dBUGXrc7zeSK3wwPHIaRThS+9OhWIXRqzs4d6k1SVU8g91DrNRWxWUGhp5KXQb2VA==",
            "dev": true,
            "license": "MIT"
        },
        "node_modules/@types/node": {
            "version": "25.1.0",
            "resolved": "https://registry.npmjs.org/@types/node/-/node-25.1.0.tgz",
            "integrity": "sha512-t7frlewr6+cbx+9Ohpl0NOTKXZNV9xHRmNOvql47BFJKcEG1CxtxlPEEe+gR9uhVWM4DwhnvTF110mIL4yP9RA==",
            "dev": true,
            "license": "MIT",
            "dependencies": {
                "undici-types": "~7.16.0"
            }
        },
        "node_modules/@types/sap__xsenv": {
            "version": "3.3.2",
            "resolved": "https://registry.npmjs.org/@types/sap__xsenv/-/sap__xsenv-3.3.2.tgz",
            "integrity": "sha512-yK6uL5yvXcMFkGjg+lWA3etJM6rQUFV3rstd118V3q0udMe5wcg+qB0poVTjKLZs4aX+n1DVrqukdRgVdwiK7g==",
            "dev": true,
            "license": "MIT"
        },
        "node_modules/assert-plus": {
            "version": "1.0.0",
            "resolved": "https://registry.npmjs.org/assert-plus/-/assert-plus-1.0.0.tgz",
            "integrity": "sha512-NfJ4UzBCcQGLDlQq7nHxH+tv3kyZ0hHQqF5BO6J7tNJeP5do1llPr8dZ8zHonfhAu0PHAdMkSo+8o0wxg9lZWw==",
            "license": "MIT",
            "engines": {
                "node": ">=0.8"
            }
        },
        "node_modules/clone": {
            "version": "2.1.2",
            "resolved": "https://registry.npmjs.org/clone/-/clone-2.1.2.tgz",
            "integrity": "sha512-3Pe/CF1Nn94hyhIYpjtiLhdCoEoz0DqQ+988E9gmeEdQZlojxnOb74wctFyuwWQHzqyf9X7C7MG8juUpqBJT8w==",
            "license": "MIT",
            "engines": {
                "node": ">=0.8"
            }
        },
        "node_modules/core-util-is": {
            "version": "1.0.2",
            "resolved": "https://registry.npmjs.org/core-util-is/-/core-util-is-1.0.2.tgz",
            "integrity": "sha512-3lqz5YjWTYnW6dlDa5TLaTCcShfar1e40rmcJVwCBJC6mWlFuj0eCHIElmG1g5kyuJ/GD+8Wn4FFCcz4gJPfaQ==",
            "license": "MIT"
        },
        "node_modules/debug": {
            "version": "4.4.3",
            "resolved": "https://registry.npmjs.org/debug/-/debug-4.4.3.tgz",
            "integrity": "sha512-RGwwWnwQvkVfavKVt22FGLw+xYSdzARwm0ru6DhTVA3umU5hZc28V3kO4stgYryrTlLpuvgI9GiijltAjNbcqA==",
            "license": "MIT",
            "dependencies": {
                "ms": "^2.1.3"
            },
            "engines": {
                "node": ">=6.0"
            },
            "peerDependenciesMeta": {
                "supports-color": {
                    "optional": true
                }
            }
        },
        "node_modules/dotenv": {
            "version": "17.2.3",
            "resolved": "https://registry.npmjs.org/dotenv/-/dotenv-17.2.3.tgz",
            "integrity": "sha512-JVUnt+DUIzu87TABbhPmNfVdBDt18BLOWjMUFJMSi/Qqg7NTYtabbvSNJGOJ7afbRuv9D/lngizHtP7QyLQ+9w==",
            "license": "BSD-2-Clause",
            "engines": {
                "node": ">=12"
            },
            "funding": {
                "url": "https://dotenvx.com"
            }
        },
        "node_modules/extsprintf": {
            "version": "1.4.1",
            "resolved": "https://registry.npmjs.org/extsprintf/-/extsprintf-1.4.1.tgz",
            "integrity": "sha512-Wrk35e8ydCKDj/ArClo1VrPVmN8zph5V4AtHwIuHhvMXsKf73UT3BOD+azBIW+3wOJ4FhEH7zyaJCFvChjYvMA==",
            "engines": [
                "node >=0.6.0"
            ],
            "license": "MIT"
        },
        "node_modules/hdb": {
            "version": "2.26.4",
            "resolved": "https://registry.npmjs.org/hdb/-/hdb-2.26.4.tgz",
            "integrity": "sha512-v0uIr9mD9iw2Ws+H6+iLNO6W+uIqeXwt8Mwe1c0CZQOn1Sk631Uy4zgdz1wOz4IY3WgxdVjBAYWZ9AS8A/dLIQ==",
            "license": "Apache-2.0",
            "dependencies": {
                "iconv-lite": "0.7.0"
            },
            "engines": {
                "node": ">= 18"
            },
            "optionalDependencies": {
                "lz4-wasm-nodejs": "0.9.2"
            }
        },
        "node_modules/iconv-lite": {
            "version": "0.7.0",
            "resolved": "https://registry.npmjs.org/iconv-lite/-/iconv-lite-0.7.0.tgz",
            "integrity": "sha512-cf6L2Ds3h57VVmkZe+Pn+5APsT7FpqJtEhhieDCvrE2MK5Qk9MyffgQyuxQTm6BChfeZNtcOLHp9IcWRVcIcBQ==",
            "license": "MIT",
            "dependencies": {
                "safer-buffer": ">= 2.1.2 < 3.0.0"
            },
            "engines": {
                "node": ">=0.10.0"
            },
            "funding": {
                "type": "opencollective",
                "url": "https://opencollective.com/express"
            }
        },
        "node_modules/lz4-wasm-nodejs": {
            "version": "0.9.2",
            "resolved": "https://registry.npmjs.org/lz4-wasm-nodejs/-/lz4-wasm-nodejs-0.9.2.tgz",
            "integrity": "sha512-hSwgJPS98q/Oe/89Y1OxzeA/UdnASG8GvldRyKa7aZyoAFCC8VPRtViBSava7wWC66WocjUwBpWau2rEmyFPsw==",
            "license": "MIT",
            "optional": true
        },
        "node_modules/ms": {
            "version": "2.1.3",
            "resolved": "https://registry.npmjs.org/ms/-/ms-2.1.3.tgz",
            "integrity": "sha512-6FlzubTLZG3J2a/NVCAleEhjzq5oxgHyaCU9yYXvcLsvoVaHJq/s5xXI6/XXP6tz7R9xAOtHnSO/tXtF3WRTlA==",
            "license": "MIT"
        },
        "node_modules/node-cache": {
            "version": "5.1.2",
            "resolved": "https://registry.npmjs.org/node-cache/-/node-cache-5.1.2.tgz",
            "integrity": "sha512-t1QzWwnk4sjLWaQAS8CHgOJ+RAfmHpxFWmc36IWTiWHQfs0w5JDMBS1b1ZxQteo0vVVuWJvIUKHDkkeK7vIGCg==",
            "license": "MIT",
            "dependencies": {
                "clone": "2.x"
            },
            "engines": {
                "node": ">= 8.0.0"
            }
        },
        "node_modules/safer-buffer": {
            "version": "2.1.2",
            "resolved": "https://registry.npmjs.org/safer-buffer/-/safer-buffer-2.1.2.tgz",
            "integrity": "sha512-YZo3K82SD7Riyi0E1EQPojLz7kpepnSQI9IyPbHHg1XXXevb5dJI7tpyN2ADxGcQbHG7vcyRHk0cbwqcQriUtg==",
            "license": "MIT"
        },
        "node_modules/undici-types": {
            "version": "7.16.0",
            "resolved": "https://registry.npmjs.org/undici-types/-/undici-types-7.16.0.tgz",
            "integrity": "sha512-Zz+aZWSj8LE6zoxD+xrjh4VfkIG8Ya6LvYkZqtUQGJPZjYl53ypCaUwWqo7eI0x66KBGeRo+mlBEkMSeSZ38Nw==",
            "dev": true,
            "license": "MIT"
        },
        "node_modules/verror": {
            "version": "1.10.1",
            "resolved": "https://registry.npmjs.org/verror/-/verror-1.10.1.tgz",
            "integrity": "sha512-veufcmxri4e3XSrT0xwfUR7kguIkaxBeosDg00yDWhk49wdwkSUrvvsm7nc75e1PUyvIeZj6nS8VQRYz2/S4Xg==",
            "license": "MIT",
            "dependencies": {
                "assert-plus": "^1.0.0",
                "core-util-is": "1.0.2",
                "extsprintf": "^1.2.0"
            },
            "engines": {
                "node": ">=0.6.0"
            }
        }
    }
}
