{
    "name": "sap-hdbext-promisfied",
    "version": "2.202410.1",
    "lockfileVersion": 3,
    "requires": true,
    "packages": {
        "": {
            "name": "sap-hdbext-promisfied",
            "version": "2.202410.1",
            "license": "Apache-2.0",
            "dependencies": {
                "@sap/hdbext": "^8.0.8",
                "@sap/xsenv": "^5.4.0",
                "debug": "^4.3.7",
                "dotenv": "^16.4.5"
            },
            "devDependencies": {
                "@types/node": "^22.8.1"
            },
            "engines": {
                "node": ">=14.18.0"
            }
        },
        "node_modules/@sap/hdbext": {
            "version": "8.0.8",
            "resolved": "https://registry.npmjs.org/@sap/hdbext/-/hdbext-8.0.8.tgz",
            "integrity": "sha512-NwhdluEndZwPMX2dsxnWJ2XElQ4Is9m/Mge0yaTcgmMWVeKip1sYIwGAlep7uHoVt4feWY4y4f5fB9qAp2e9gg==",
            "hasShrinkwrap": true,
            "license": "SEE LICENSE IN LICENSE file",
            "dependencies": {
                "@sap/e2e-trace": "^4.1.0",
                "@sap/hana-client": "2.22.29",
                "accept-language": "2.0.16",
                "async": "3.2.6",
                "debug": "4.3.1",
                "lodash": "4.17.21",
                "verror": "1.10.0"
            },
            "engines": {
                "node": "^12.0.0 || ^14.0.0 || ^16.0.0 || ^18.0.0 || ^20.0.0"
            }
        },
        "node_modules/@sap/hdbext/node_modules/@sap/e2e-trace": {
            "version": "4.1.0",
            "dependencies": {
                "request-stats": "3.0.0"
            }
        },
        "node_modules/@sap/hdbext/node_modules/@sap/e2e-trace/node_modules/http-headers": {
            "version": "3.0.2",
            "dependencies": {
                "next-line": "^1.1.0"
            }
        },
        "node_modules/@sap/hdbext/node_modules/@sap/e2e-trace/node_modules/next-line": {
            "version": "1.1.0"
        },
        "node_modules/@sap/hdbext/node_modules/@sap/e2e-trace/node_modules/once": {
            "version": "1.4.0",
            "dependencies": {
                "wrappy": "1"
            }
        },
        "node_modules/@sap/hdbext/node_modules/@sap/e2e-trace/node_modules/request-stats": {
            "version": "3.0.0",
            "dependencies": {
                "http-headers": "^3.0.1",
                "once": "^1.4.0"
            }
        },
        "node_modules/@sap/hdbext/node_modules/@sap/e2e-trace/node_modules/wrappy": {
            "version": "1.0.2"
        },
        "node_modules/@sap/hdbext/node_modules/@sap/hana-client": {
            "version": "2.22.29",
            "dependencies": {
                "debug": "3.1.0"
            }
        },
        "node_modules/@sap/hdbext/node_modules/@sap/hana-client/node_modules/debug": {
            "version": "3.1.0",
            "dependencies": {
                "ms": "2.0.0"
            }
        },
        "node_modules/@sap/hdbext/node_modules/@sap/hana-client/node_modules/ms": {
            "version": "2.0.0"
        },
        "node_modules/@sap/hdbext/node_modules/accept-language": {
            "version": "2.0.16",
            "dependencies": {
                "bcp47": "^1.1.2"
            }
        },
        "node_modules/@sap/hdbext/node_modules/assert-plus": {
            "version": "1.0.0"
        },
        "node_modules/@sap/hdbext/node_modules/async": {
            "version": "3.2.6"
        },
        "node_modules/@sap/hdbext/node_modules/bcp47": {
            "version": "1.1.2"
        },
        "node_modules/@sap/hdbext/node_modules/core-util-is": {
            "version": "1.0.2"
        },
        "node_modules/@sap/hdbext/node_modules/debug": {
            "version": "4.3.1",
            "dependencies": {
                "ms": "2.1.2"
            }
        },
        "node_modules/@sap/hdbext/node_modules/extsprintf": {
            "version": "1.4.1"
        },
        "node_modules/@sap/hdbext/node_modules/lodash": {
            "version": "4.17.21"
        },
        "node_modules/@sap/hdbext/node_modules/ms": {
            "version": "2.1.2"
        },
        "node_modules/@sap/hdbext/node_modules/verror": {
            "version": "1.10.0",
            "dependencies": {
                "assert-plus": "^1.0.0",
                "core-util-is": "1.0.2",
                "extsprintf": "^1.2.0"
            }
        },
        "node_modules/@sap/xsenv": {
            "version": "5.4.0",
            "resolved": "https://registry.npmjs.org/@sap/xsenv/-/xsenv-5.4.0.tgz",
            "integrity": "sha512-O9G71v7S1ZHorDHwNGAbZXmvRvALbeN8Q/j1UgQdKfUcf18re+5CZxKCVUezs2OTBR2KB/tvDFLnlXwHYuwC7A==",
            "license": "SEE LICENSE IN LICENSE file",
            "dependencies": {
                "debug": "4.3.7",
                "node-cache": "^5.1.2",
                "verror": "1.10.1"
            },
            "engines": {
                "node": "^18.0.0 || ^20.0.0  || ^22.0.0"
            }
        },
        "node_modules/@types/node": {
            "version": "22.8.1",
            "resolved": "https://registry.npmjs.org/@types/node/-/node-22.8.1.tgz",
            "integrity": "sha512-k6Gi8Yyo8EtrNtkHXutUu2corfDf9su95VYVP10aGYMMROM6SAItZi0w1XszA6RtWTHSVp5OeFof37w0IEqCQg==",
            "dev": true,
            "license": "MIT",
            "dependencies": {
                "undici-types": "~6.19.8"
            }
        },
        "node_modules/assert-plus": {
            "version": "1.0.0",
            "resolved": "https://registry.npmjs.org/assert-plus/-/assert-plus-1.0.0.tgz",
            "integrity": "sha512-NfJ4UzBCcQGLDlQq7nHxH+tv3kyZ0hHQqF5BO6J7tNJeP5do1llPr8dZ8zHonfhAu0PHAdMkSo+8o0wxg9lZWw==",
            "license": "MIT",
            "engines": {
                "node": ">=0.8"
            }
        },
        "node_modules/clone": {
            "version": "2.1.2",
            "resolved": "https://registry.npmjs.org/clone/-/clone-2.1.2.tgz",
            "integrity": "sha512-3Pe/CF1Nn94hyhIYpjtiLhdCoEoz0DqQ+988E9gmeEdQZlojxnOb74wctFyuwWQHzqyf9X7C7MG8juUpqBJT8w==",
            "license": "MIT",
            "engines": {
                "node": ">=0.8"
            }
        },
        "node_modules/core-util-is": {
            "version": "1.0.2",
            "resolved": "https://registry.npmjs.org/core-util-is/-/core-util-is-1.0.2.tgz",
            "integrity": "sha512-3lqz5YjWTYnW6dlDa5TLaTCcShfar1e40rmcJVwCBJC6mWlFuj0eCHIElmG1g5kyuJ/GD+8Wn4FFCcz4gJPfaQ==",
            "license": "MIT"
        },
        "node_modules/debug": {
            "version": "4.3.7",
            "resolved": "https://registry.npmjs.org/debug/-/debug-4.3.7.tgz",
            "integrity": "sha512-Er2nc/H7RrMXZBFCEim6TCmMk02Z8vLC2Rbi1KEBggpo0fS6l0S1nnapwmIi3yW/+GOJap1Krg4w0Hg80oCqgQ==",
            "license": "MIT",
            "dependencies": {
                "ms": "^2.1.3"
            },
            "engines": {
                "node": ">=6.0"
            },
            "peerDependenciesMeta": {
                "supports-color": {
                    "optional": true
                }
            }
        },
        "node_modules/dotenv": {
            "version": "16.4.5",
            "resolved": "https://registry.npmjs.org/dotenv/-/dotenv-16.4.5.tgz",
            "integrity": "sha512-ZmdL2rui+eB2YwhsWzjInR8LldtZHGDoQ1ugH85ppHKwpUHL7j7rN0Ti9NCnGiQbhaZ11FpR+7ao1dNsmduNUg==",
            "license": "BSD-2-Clause",
            "engines": {
                "node": ">=12"
            },
            "funding": {
                "url": "https://dotenvx.com"
            }
        },
        "node_modules/extsprintf": {
            "version": "1.4.1",
            "resolved": "https://registry.npmjs.org/extsprintf/-/extsprintf-1.4.1.tgz",
            "integrity": "sha512-Wrk35e8ydCKDj/ArClo1VrPVmN8zph5V4AtHwIuHhvMXsKf73UT3BOD+azBIW+3wOJ4FhEH7zyaJCFvChjYvMA==",
            "engines": [
                "node >=0.6.0"
            ],
            "license": "MIT"
        },
        "node_modules/ms": {
            "version": "2.1.3",
            "resolved": "https://registry.npmjs.org/ms/-/ms-2.1.3.tgz",
            "integrity": "sha512-6FlzubTLZG3J2a/NVCAleEhjzq5oxgHyaCU9yYXvcLsvoVaHJq/s5xXI6/XXP6tz7R9xAOtHnSO/tXtF3WRTlA==",
            "license": "MIT"
        },
        "node_modules/node-cache": {
            "version": "5.1.2",
            "resolved": "https://registry.npmjs.org/node-cache/-/node-cache-5.1.2.tgz",
            "integrity": "sha512-t1QzWwnk4sjLWaQAS8CHgOJ+RAfmHpxFWmc36IWTiWHQfs0w5JDMBS1b1ZxQteo0vVVuWJvIUKHDkkeK7vIGCg==",
            "license": "MIT",
            "dependencies": {
                "clone": "2.x"
            },
            "engines": {
                "node": ">= 8.0.0"
            }
        },
        "node_modules/undici-types": {
            "version": "6.19.8",
            "resolved": "https://registry.npmjs.org/undici-types/-/undici-types-6.19.8.tgz",
            "integrity": "sha512-ve2KP6f/JnbPBFyobGHuerC9g1FYGn/F8n1LWTwNxCEzd6IfqTwUQcNXgEtmmQ6DlRrC1hrSrBnCZPokRrDHjw==",
            "dev": true,
            "license": "MIT"
        },
        "node_modules/verror": {
            "version": "1.10.1",
            "resolved": "https://registry.npmjs.org/verror/-/verror-1.10.1.tgz",
            "integrity": "sha512-veufcmxri4e3XSrT0xwfUR7kguIkaxBeosDg00yDWhk49wdwkSUrvvsm7nc75e1PUyvIeZj6nS8VQRYz2/S4Xg==",
            "license": "MIT",
            "dependencies": {
                "assert-plus": "^1.0.0",
                "core-util-is": "1.0.2",
                "extsprintf": "^1.2.0"
            },
            "engines": {
                "node": ">=0.6.0"
            }
        }
    }
}
