github.com/SAP/go-hdb v1.16.6 h1:0PZlACUctIrVewTj/J34I3TCur7wWohmJanttBekvcQ=
github.com/SAP/go-hdb v1.16.6/go.mod h1:+byHKTvE4QURGZE3ZrMrqbfxCR99QsHUkT13FTPAQ1U=
golang.org/x/text v0.36.0 h1:JfKh3XmcRPqZPKevfXVpI1wXPTqbkE5f7JA92a55Yxg=
golang.org/x/text v0.36.0/go.mod h1:NIdBknypM8iqVmPiuco0Dh6P5Jcdk8lJL0CUebqK164=
