github.com/SAP/go-hdb v1.16.12 h1:uHhrUCvnYPY67w6NUs8BYRwylXdAiv+hFRApS4qkA5Q=
github.com/SAP/go-hdb v1.16.12/go.mod h1:16M+ygtB0N/sZosiXf+aeepMvNYSw+/yGbZdGQLVAAE=
golang.org/x/text v0.40.0 h1:Ub2Z6/xjgF1WrYQz2nuITOEegKFtiIy+rieRJ5lHZKs=
golang.org/x/text v0.40.0/go.mod h1:hpnzDAfGV753zIKo+wk3u1bVKCGPbrnF7+7LBF/UHVY=
